// !$*UTF8*$!
{
	archiveVersion = 1;
	classes = {
	};
	objectVersion = 50;
	objects = {

/* Begin PBXBuildFile section */
		AA88940E25C9C90A00CE4A7C /* AppDelegate.swift in Sources */ = {isa = PBXBuildFile; fileRef = AA88940D25C9C90A00CE4A7C /* AppDelegate.swift */; };
		AA88941025C9C90A00CE4A7C /* SceneDelegate.swift in Sources */ = {isa = PBXBuildFile; fileRef = AA88940F25C9C90A00CE4A7C /* SceneDelegate.swift */; };
		AA88941225C9C90A00CE4A7C /* ViewController.swift in Sources */ = {isa = PBXBuildFile; fileRef = AA88941125C9C90A00CE4A7C /* ViewController.swift */; };
		AA88941525C9C90A00CE4A7C /* Main.storyboard in Resources */ = {isa = PBXBuildFile; fileRef = AA88941325C9C90A00CE4A7C /* Main.storyboard */; };
		AA88941725C9C90D00CE4A7C /* Assets.xcassets in Resources */ = {isa = PBXBuildFile; fileRef = AA88941625C9C90D00CE4A7C /* Assets.xcassets */; };
		AA88941A25C9C90D00CE4A7C /* LaunchScreen.storyboard in Resources */ = {isa = PBXBuildFile; fileRef = AA88941825C9C90D00CE4A7C /* LaunchScreen.storyboard */; };
/* End PBXBuildFile section */

/* Begin PBXFileReference section */
		AA88940A25C9C90A00CE4A7C /* WinWinCalculator.app */ = {isa = PBXFileReference; explicitFileType = wrapper.application; includeInIndex = 0; path = WinWinCalculator.app; sourceTree = BUILT_PRODUCTS_DIR; };
		AA88940D25C9C90A00CE4A7C /* AppDelegate.swift */ = {isa = PBXFileReference; lastKnownFileType = sourcecode.swift; path = AppDelegate.swift; sourceTree = "<group>"; };
		AA88940F25C9C90A00CE4A7C /* SceneDelegate.swift */ = {isa = PBXFileReference; lastKnownFileType = sourcecode.swift; path = SceneDelegate.swift; sourceTree = "<group>"; };
		AA88941125C9C90A00CE4A7C /* ViewController.swift */ = {isa = PBXFileReference; lastKnownFileType = sourcecode.swift; path = ViewController.swift; sourceTree = "<group>"; };
		AA88941425C9C90A00CE4A7C /* Base */ = {isa = PBXFileReference; lastKnownFileType = file.storyboard; name = Base; path = Base.lproj/Main.storyboard; sourceTree = "<group>"; };
		AA88941625C9C90D00CE4A7C /* Assets.xcassets */ = {isa = PBXFileReference; lastKnownFileType = folder.assetcatalog; path = Assets.xcassets; sourceTree = "<group>"; };
		AA88941925C9C90D00CE4A7C /* Base */ = {isa = PBXFileReference; lastKnownFileType = file.storyboard; name = Base; path = Base.lproj/LaunchScreen.storyboard; sourceTree = "<group>"; };
		AA88941B25C9C90D00CE4A7C /* Info.plist */ = {isa = PBXFileReference; lastKnownFileType = text.plist.xml; path = Info.plist; sourceTree = "<group>"; };
/* End PBXFileReference section */

/* Begin PBXFrameworksBuildPhase section */
		AA88940725C9C90A00CE4A7C /* Frameworks */ = {
			isa = PBXFrameworksBuildPhase;
			buildActionMask = 2147483647;
			files = (
			);
			runOnlyForDeploymentPostprocessing = 0;
		};
/* End PBXFrameworksBuildPhase section */

/* Begin PBXGroup section */
		AA88940125C9C90A00CE4A7C = {
			isa = PBXGroup;
			children = (
				AA88940C25C9C90A00CE4A7C /* WinWinCalculator */,
				AA88940B25C9C90A00CE4A7C /* Products */,
			);
			sourceTree = "<group>";
		};
		AA88940B25C9C90A00CE4A7C /* Products */ = {
			isa = PBXGroup;
			children = (
				AA88940A25C9C90A00CE4A7C /* WinWinCalculator.app */,
			);
			name = Products;
			sourceTree = "<group>";
		};
		AA88940C25C9C90A00CE4A7C /* WinWinCalculator */ = {
			isa = PBXGroup;
			children = (
				AA88940D25C9C90A00CE4A7C /* AppDelegate.swift */,
				AA88940F25C9C90A00CE4A7C /* SceneDelegate.swift */,
				AA88941125C9C90A00CE4A7C /* ViewController.swift */,
				AA88941325C9C90A00CE4A7C /* Main.storyboard */,
				AA88941625C9C90D00CE4A7C /* Assets.xcassets */,
				AA88941825C9C90D00CE4A7C /* LaunchScreen.storyboard */,
				AA88941B25C9C90D00CE4A7C /* Info.plist */,
			);
			path = WinWinCalculator;
			sourceTree = "<group>";
		};
/* End PBXGroup section */

/* Begin PBXNativeTarget section */
		AA88940925C9C90A00CE4A7C /* WinWinCalculator */ = {
			isa = PBXNativeTarget;
			buildConfigurationList = AA88941E25C9C90D00CE4A7C /* Build configuration list for PBXNativeTarget "WinWinCalculator" */;
			buildPhases = (
				AA88940625C9C90A00CE4A7C /* Sources */,
				AA88940725C9C90A00CE4A7C /* Frameworks */,
				AA88940825C9C90A00CE4A7C /* Resources */,
			);
			buildRules = (
			);
			dependencies = (
			);
			name = WinWinCalculator;
			productName = WinWinCalculator;
			productReference = AA88940A25C9C90A00CE4A7C /* WinWinCalculator.app */;
			productType = "com.apple.product-type.application";
		};
/* End PBXNativeTarget section */

/* Begin PBXProject section */
		AA88940225C9C90A00CE4A7C /* Project object */ = {
			isa = PBXProject;
			attributes = {
				LastSwiftUpdateCheck = 1230;
				LastUpgradeCheck = 1230;
				TargetAttributes = {
					AA88940925C9C90A00CE4A7C = {
						CreatedOnToolsVersion = 12.3;
					};
				};
			};
			buildConfigurationList = AA88940525C9C90A00CE4A7C /* Build configuration list for PBXProject "WinWinCalculator" */;
			compatibilityVersion = "Xcode 9.3";
			developmentRegion = en;
			hasScannedForEncodings = 0;
			knownRegions = (
				en,
				Base,
			);
			mainGroup = AA88940125C9C90A00CE4A7C;
			productRefGroup = AA88940B25C9C90A00CE4A7C /* Products */;
			projectDirPath = "";
			projectRoot = "";
			targets = (
				AA88940925C9C90A00CE4A7C /* WinWinCalculator */,
			);
		};
/* End PBXProject section */

/* Begin PBXResourcesBuildPhase section */
		AA88940825C9C90A00CE4A7C /* Resources */ = {
			isa = PBXResourcesBuildPhase;
			buildActionMask = 2147483647;
			files = (
				AA88941A25C9C90D00CE4A7C /* LaunchScreen.storyboard in Resources */,
				AA88941725C9C90D00CE4A7C /* Assets.xcassets in Resources */,
				AA88941525C9C90A00CE4A7C /* Main.storyboard in Resources */,
			);
			runOnlyForDeploymentPostprocessing = 0;
		};
/* End PBXResourcesBuildPhase section */

/* Begin PBXSourcesBuildPhase section */
		AA88940625C9C90A00CE4A7C /* Sources */ = {
			isa = PBXSourcesBuildPhase;
			buildActionMask = 2147483647;
			files = (
				AA88941225C9C90A00CE4A7C /* ViewController.swift in Sources */,
				AA88940E25C9C90A00CE4A7C /* AppDelegate.swift in Sources */,
				AA88941025C9C90A00CE4A7C /* SceneDelegate.swift in Sources */,
			);
			runOnlyForDeploymentPostprocessing = 0;
		};
/* End PBXSourcesBuildPhase section */

/* Begin PBXVariantGroup section */
		AA88941325C9C90A00CE4A7C /* Main.storyboard */ = {
			isa = PBXVariantGroup;
			children = (
				AA88941425C9C90A00CE4A7C /* Base */,
			);
			name = Main.storyboard;
			sourceTree = "<group>";
		};
		AA88941825C9C90D00CE4A7C /* LaunchScreen.storyboard */ = {
			isa = PBXVariantGroup;
			children = (
				AA88941925C9C90D00CE4A7C /* Base */,
			);
			name = LaunchScreen.storyboard;
			sourceTree = "<group>";
		};
/* End PBXVariantGroup section */

/* Begin XCBuildConfiguration section */
		AA88941C25C9C90D00CE4A7C /* Debug */ = {
			isa = XCBuildConfiguration;
			buildSettings = {
				ALWAYS_SEARCH_USER_PATHS = NO;
				CLANG_ANALYZER_NONNULL = YES;
				CLANG_ANALYZER_NUMBER_OBJECT_CONVERSION = YES_AGGRESSIVE;
				CLANG_CXX_LANGUAGE_STANDARD = "gnu++14";
				CLANG_CXX_LIBRARY = "libc++";
				CLANG_ENABLE_MODULES = YES;
				CLANG_ENABLE_OBJC_ARC = YES;
				CLANG_ENABLE_OBJC_WEAK = YES;
				CLANG_WARN_BLOCK_CAPTURE_AUTORELEASING = YES;
				CLANG_WARN_BOOL_CONVERSION = YES;
				CLANG_WARN_COMMA = YES;
				CLANG_WARN_CONSTANT_CONVERSION = YES;
				CLANG_WARN_DEPRECATED_OBJC_IMPLEMENTATIONS = YES;
				CLANG_WARN_DIRECT_OBJC_ISA_USAGE = YES_ERROR;
				CLANG_WARN_DOCUMENTATION_COMMENTS = YES;
				CLANG_WARN_EMPTY_BODY = YES;
				CLANG_WARN_ENUM_CONVERSION = YES;
				CLANG_WARN_INFINITE_RECURSION = YES;
				CLANG_WARN_INT_CONVERSION = YES;
				CLANG_WARN_NON_LITERAL_NULL_CONVERSION = YES;
				CLANG_WARN_OBJC_IMPLICIT_RETAIN_SELF = YES;
				CLANG_WARN_OBJC_LITERAL_CONVERSION = YES;
				CLANG_WARN_OBJC_ROOT_CLASS = YES_ERROR;
				CLANG_WARN_QUOTED_INCLUDE_IN_FRAMEWORK_HEADER = YES;
				CLANG_WARN_RANGE_LOOP_ANALYSIS = YES;
				CLANG_WARN_STRICT_PROTOTYPES = YES;
				CLANG_WARN_SUSPICIOUS_MOVE = YES;
				CLANG_WARN_UNGUARDED_AVAILABILITY = YES_AGGRESSIVE;
				CLANG_WARN_UNREACHABLE_CODE = YES;
				CLANG_WARN__DUPLICATE_METHOD_MATCH = YES;
				COPY_PHASE_STRIP = NO;
				DEBUG_INFORMATION_FORMAT = dwarf;
				ENABLE_STRICT_OBJC_MSGSEND = YES;
				ENABLE_TESTABILITY = YES;
				GCC_C_LANGUAGE_STANDARD = gnu11;
				GCC_DYNAMIC_NO_PIC = NO;
				GCC_NO_COMMON_BLOCKS = YES;
				GCC_OPTIMIZATION_LEVEL = 0;
				GCC_PREPROCESSOR_DEFINITIONS = (
					"DEBUG=1",
					"$(inherited)",
				);
				GCC_WARN_64_TO_32_BIT_CONVERSION = YES;
				GCC_WARN_ABOUT_RETURN_TYPE = YES_ERROR;
				GCC_WARN_UNDECLARED_SELECTOR = YES;
				GCC_WARN_UNINITIALIZED_AUTOS = YES_AGGRESSIVE;
				GCC_WARN_UNUSED_FUNCTION = YES;
				GCC_WARN_UNUSED_VARIABLE = YES;
				IPHONEOS_DEPLOYMENT_TARGET = 14.3;
				MTL_ENABLE_DEBUG_INFO = INCLUDE_SOURCE;
				MTL_FAST_MATH = YES;
				ONLY_ACTIVE_ARCH = YES;
				SDKROOT = iphoneos;
				SWIFT_ACTIVE_COMPILATION_CONDITIONS = DEBUG;
				SWIFT_OPTIMIZATION_LEVEL = "-Onone";
			};
			name = Debug;
		};
		AA88941D25C9C90D00CE4A7C /* Release */ = {
			isa = XCBuildConfiguration;
			buildSettings = {
				ALWAYS_SEARCH_USER_PATHS = NO;
				CLANG_ANALYZER_NONNULL = YES;
				CLANG_ANALYZER_NUMBER_OBJECT_CONVERSION = YES_AGGRESSIVE;
				CLANG_CXX_LANGUAGE_STANDARD = "gnu++14";
				CLANG_CXX_LIBRARY = "libc++";
				CLANG_ENABLE_MODULES = YES;
				CLANG_ENABLE_OBJC_ARC = YES;
				CLANG_ENABLE_OBJC_WEAK = YES;
				CLANG_WARN_BLOCK_CAPTURE_AUTORELEASING = YES;
				CLANG_WARN_BOOL_CONVERSION = YES;
				CLANG_WARN_COMMA = YES;
				CLANG_WARN_CONSTANT_CONVERSION = YES;
				CLANG_WARN_DEPRECATED_OBJC_IMPLEMENTATIONS = YES;
				CLANG_WARN_DIRECT_OBJC_ISA_USAGE = YES_ERROR;
				CLANG_WARN_DOCUMENTATION_COMMENTS = YES;
				CLANG_WARN_EMPTY_BODY = YES;
				CLANG_WARN_ENUM_CONVERSION = YES;
				CLANG_WARN_INFINITE_RECURSION = YES;
				CLANG_WARN_INT_CONVERSION = YES;
				CLANG_WARN_NON_LITERAL_NULL_CONVERSION = YES;
				CLANG_WARN_OBJC_IMPLICIT_RETAIN_SELF = YES;
				CLANG_WARN_OBJC_LITERAL_CONVERSION = YES;
				CLANG_WARN_OBJC_ROOT_CLASS = YES_ERROR;
				CLANG_WARN_QUOTED_INCLUDE_IN_FRAMEWORK_HEADER = YES;
				CLANG_WARN_RANGE_LOOP_ANALYSIS = YES;
				CLANG_WARN_STRICT_PROTOTYPES = YES;
				CLANG_WARN_SUSPICIOUS_MOVE = YES;
				CLANG_WARN_UNGUARDED_AVAILABILITY = YES_AGGRESSIVE;
				CLANG_WARN_UNREACHABLE_CODE = YES;
				CLANG_WARN__DUPLICATE_METHOD_MATCH = YES;
				COPY_PHASE_STRIP = NO;
				DEBUG_INFORMATION_FORMAT = "dwarf-with-dsym";
				ENABLE_NS_ASSERTIONS = NO;
				ENABLE_STRICT_OBJC_MSGSEND = YES;
				GCC_C_LANGUAGE_STANDARD = gnu11;
				GCC_NO_COMMON_BLOCKS = YES;
				GCC_WARN_64_TO_32_BIT_CONVERSION = YES;
				GCC_WARN_ABOUT_RETURN_TYPE = YES_ERROR;
				GCC_WARN_UNDECLARED_SELECTOR = YES;
				GCC_WARN_UNINITIALIZED_AUTOS = YES_AGGRESSIVE;
				GCC_WARN_UNUSED_FUNCTION = YES;
				GCC_WARN_UNUSED_VARIABLE = YES;
				IPHONEOS_DEPLOYMENT_TARGET = 14.3;
				MTL_ENABLE_DEBUG_INFO = NO;
				MTL_FAST_MATH = YES;
				SDKROOT = iphoneos;
				SWIFT_COMPILATION_MODE = wholemodule;
				SWIFT_OPTIMIZATION_LEVEL = "-O";
				VALIDATE_PRODUCT = YES;
			};
			name = Release;
		};
		AA88941F25C9C90D00CE4A7C /* Debug */ = {
			isa = XCBuildConfiguration;
			buildSettings = {
				ASSETCATALOG_COMPILER_APPICON_NAME = AppIcon;
				ASSETCATALOG_COMPILER_GLOBAL_ACCENT_COLOR_NAME = AccentColor;
				CODE_SIGN_STYLE = Automatic;
				DEVELOPMENT_TEAM = G72LNDR5BT;
				INFOPLIST_FILE = WinWinCalculator/Info.plist;
				LD_RUNPATH_SEARCH_PATHS = (
					"$(inherited)",
					"@executable_path/Frameworks",
				);
				PRODUCT_BUNDLE_IDENTIFIER = com.nibm.WinWinCalculator;
				PRODUCT_NAME = "$(TARGET_NAME)";
				SWIFT_VERSION = 5.0;
				TARGETED_DEVICE_FAMILY = "1,2";
			};
			name = Debug;
		};
		AA88942025C9C90D00CE4A7C /* Release */ = {
			isa = XCBuildConfiguration;
			buildSettings = {
				ASSETCATALOG_COMPILER_APPICON_NAME = AppIcon;
				ASSETCATALOG_COMPILER_GLOBAL_ACCENT_COLOR_NAME = AccentColor;
				CODE_SIGN_STYLE = Automatic;
				DEVELOPMENT_TEAM = G72LNDR5BT;
				INFOPLIST_FILE = WinWinCalculator/Info.plist;
				LD_RUNPATH_SEARCH_PATHS = (
					"$(inherited)",
					"@executable_path/Frameworks",
				);
				PRODUCT_BUNDLE_IDENTIFIER = com.nibm.WinWinCalculator;
				PRODUCT_NAME = "$(TARGET_NAME)";
				SWIFT_VERSION = 5.0;
				TARGETED_DEVICE_FAMILY = "1,2";
			};
			name = Release;
		};
/* End XCBuildConfiguration section */

/* Begin XCConfigurationList section */
		AA88940525C9C90A00CE4A7C /* Build configuration list for PBXProject "WinWinCalculator" */ = {
			isa = XCConfigurationList;
			buildConfigurations = (
				AA88941C25C9C90D00CE4A7C /* Debug */,
				AA88941D25C9C90D00CE4A7C /* Release */,
			);
			defaultConfigurationIsVisible = 0;
			defaultConfigurationName = Release;
		};
		AA88941E25C9C90D00CE4A7C /* Build configuration list for PBXNativeTarget "WinWinCalculator" */ = {
			isa = XCConfigurationList;
			buildConfigurations = (
				AA88941F25C9C90D00CE4A7C /* Debug */,
				AA88942025C9C90D00CE4A7C /* Release */,
			);
			defaultConfigurationIsVisible = 0;
			defaultConfigurationName = Release;
		};
/* End XCConfigurationList section */
	};
	rootObject = AA88940225C9C90A00CE4A7C /* Project object */;
}
